
Microsoft Visual Studio Solution File, Format Version 12.00
# Visual Studio Version 17
VisualStudioVersion = 17.5.002.0
MinimumVisualStudioVersion = 10.0.40219.1
Project("{9A19103F-16F7-4668-BE54-9A1E7A4F7556}") = "Task_1", "Task_1\Task_1.csproj", "{0EFEC349-71A1-4954-96A8-37895E1A687F}"
EndProject
Global
	GlobalSection(SolutionConfigurationPlatforms) = preSolution
		Debug|Any CPU = Debug|Any CPU
		Release|Any CPU = Release|Any CPU
	EndGlobalSection
	GlobalSection(ProjectConfigurationPlatforms) = postSolution
		{0EFEC349-71A1-4954-96A8-37895E1A687F}.Debug|Any CPU.ActiveCfg = Debug|Any CPU
		{0EFEC349-71A1-4954-96A8-37895E1A687F}.Debug|Any CPU.Build.0 = Debug|Any CPU
		{0EFEC349-71A1-4954-96A8-37895E1A687F}.Release|Any CPU.ActiveCfg = Release|Any CPU
		{0EFEC349-71A1-4954-96A8-37895E1A687F}.Release|Any CPU.Build.0 = Release|Any CPU
	EndGlobalSection
	GlobalSection(SolutionProperties) = preSolution
		HideSolutionNode = FALSE
	EndGlobalSection
	GlobalSection(ExtensibilityGlobals) = postSolution
		SolutionGuid = {70BDDDE5-FBD0-4623-BECF-B3BC6BC6A4FC}
	EndGlobalSection
EndGlobal
